// !$*UTF8*$!
{
	archiveVersion = 1;
	classes = {
	};
	objectVersion = 55;
	objects = {

/* Begin PBXBuildFile section */
		4311CC3128F5930600DBDCE3 /* Assets-AppIcon.xcassets in Resources */ = {isa = PBXBuildFile; fileRef = 4311CC3028F5930600DBDCE3 /* Assets-AppIcon.xcassets */; };
		4311CC3228F5930600DBDCE3 /* Assets-AppIcon.xcassets in Resources */ = {isa = PBXBuildFile; fileRef = 4311CC3028F5930600DBDCE3 /* Assets-AppIcon.xcassets */; };
		4321D48D28F41EDC00ECCF2D /* Practices.swift in Sources */ = {isa = PBXBuildFile; fileRef = 4321D48C28F41EDC00ECCF2D /* Practices.swift */; };
		4356430D282EF295009D071A /* Stretching.swift in Sources */ = {isa = PBXBuildFile; fileRef = 4356430C282EF295009D071A /* Stretching.swift */; };
		43C98F5B2828804C007D45DF /* DeepWorkTimerApp.swift in Sources */ = {isa = PBXBuildFile; fileRef = 43C98F5A2828804C007D45DF /* DeepWorkTimerApp.swift */; };
		43C98F5D2828804C007D45DF /* AdjustDurationView.swift in Sources */ = {isa = PBXBuildFile; fileRef = 43C98F5C2828804C007D45DF /* AdjustDurationView.swift */; };
		43C98F5F2828804E007D45DF /* Assets.xcassets in Resources */ = {isa = PBXBuildFile; fileRef = 43C98F5E2828804E007D45DF /* Assets.xcassets */; };
		43C98F622828804E007D45DF /* Preview Assets.xcassets in Resources */ = {isa = PBXBuildFile; fileRef = 43C98F612828804E007D45DF /* Preview Assets.xcassets */; };
		43C98F6A2829085E007D45DF /* Util.swift in Sources */ = {isa = PBXBuildFile; fileRef = 43C98F692829085E007D45DF /* Util.swift */; };
		43F897CB28B4AA08002B3AC1 /* State.swift in Sources */ = {isa = PBXBuildFile; fileRef = 43F897CA28B4AA08002B3AC1 /* State.swift */; };
		43F897CD28B4AA1F002B3AC1 /* Preferences.swift in Sources */ = {isa = PBXBuildFile; fileRef = 43F897CC28B4AA1F002B3AC1 /* Preferences.swift */; };
		43F897CF28B4AA4D002B3AC1 /* DebugFlags.swift in Sources */ = {isa = PBXBuildFile; fileRef = 43F897CE28B4AA4D002B3AC1 /* DebugFlags.swift */; };
		43F897D128B4AB13002B3AC1 /* Logging.swift in Sources */ = {isa = PBXBuildFile; fileRef = 43F897D028B4AB13002B3AC1 /* Logging.swift */; };
		43F897D328B4AB5E002B3AC1 /* Memento.swift in Sources */ = {isa = PBXBuildFile; fileRef = 43F897D228B4AB5E002B3AC1 /* Memento.swift */; };
		43F897D528B4ABAE002B3AC1 /* AppModel.swift in Sources */ = {isa = PBXBuildFile; fileRef = 43F897D428B4ABAE002B3AC1 /* AppModel.swift */; };
		43F897E128B4B23E002B3AC1 /* DeepWorkTimerTests.swift in Sources */ = {isa = PBXBuildFile; fileRef = 43F897E028B4B23E002B3AC1 /* DeepWorkTimerTests.swift */; };
		43F897E828B4B535002B3AC1 /* Date+mocking.swift in Sources */ = {isa = PBXBuildFile; fileRef = 43F897E728B4B535002B3AC1 /* Date+mocking.swift */; };
		43F897EA28B5FCD1002B3AC1 /* Asserts.swift in Sources */ = {isa = PBXBuildFile; fileRef = 43F897E928B5FCD1002B3AC1 /* Asserts.swift */; };
		43F897ED28B61833002B3AC1 /* Interval.swift in Sources */ = {isa = PBXBuildFile; fileRef = 43F897EB28B61806002B3AC1 /* Interval.swift */; };
		43F897F028B74C1B002B3AC1 /* TitleScheme.swift in Sources */ = {isa = PBXBuildFile; fileRef = 43F897EE28B74B9E002B3AC1 /* TitleScheme.swift */; };
		43F897F328B75191002B3AC1 /* Math.swift in Sources */ = {isa = PBXBuildFile; fileRef = 43F897F128B74FCE002B3AC1 /* Math.swift */; };
		43F897F528B756E3002B3AC1 /* Silencing.swift in Sources */ = {isa = PBXBuildFile; fileRef = 43F897F428B756E2002B3AC1 /* Silencing.swift */; };
		43F897F728B75790002B3AC1 /* TimeInterval+shorthands.swift in Sources */ = {isa = PBXBuildFile; fileRef = 43F897F628B75790002B3AC1 /* TimeInterval+shorthands.swift */; };
		43F897F928B75A07002B3AC1 /* Calendar+dayBoundary.swift in Sources */ = {isa = PBXBuildFile; fileRef = 43F897F828B75A07002B3AC1 /* Calendar+dayBoundary.swift */; };
		43F897FB28BC9BAC002B3AC1 /* LoginItem.swift in Sources */ = {isa = PBXBuildFile; fileRef = 43F897FA28BC9BAB002B3AC1 /* LoginItem.swift */; };
		43F8981928BDE360002B3AC1 /* LaunchAtLoginHelper.swift in Sources */ = {isa = PBXBuildFile; fileRef = 43F8981828BDE360002B3AC1 /* LaunchAtLoginHelper.swift */; };
		43F8982528BDE6EA002B3AC1 /* Deep Work Timer Launch At Login Helper.app in Embed Login Items */ = {isa = PBXBuildFile; fileRef = 43F8981628BDE360002B3AC1 /* Deep Work Timer Launch At Login Helper.app */; settings = {ATTRIBUTES = (RemoveHeadersOnCopy, ); }; };
		43F8982A28C5D011002B3AC1 /* Analytics.swift in Sources */ = {isa = PBXBuildFile; fileRef = 43F8982928C5D011002B3AC1 /* Analytics.swift */; };
/* End PBXBuildFile section */

/* Begin PBXContainerItemProxy section */
		43F897E228B4B23E002B3AC1 /* PBXContainerItemProxy */ = {
			isa = PBXContainerItemProxy;
			containerPortal = 43C98F4F2828804C007D45DF /* Project object */;
			proxyType = 1;
			remoteGlobalIDString = 43C98F562828804C007D45DF;
			remoteInfo = "Deep Work Timer";
		};
		43F8982628BDE6FD002B3AC1 /* PBXContainerItemProxy */ = {
			isa = PBXContainerItemProxy;
			containerPortal = 43C98F4F2828804C007D45DF /* Project object */;
			proxyType = 1;
			remoteGlobalIDString = 43F8981528BDE360002B3AC1;
			remoteInfo = "Deep Work Timer Launch At Login Helper";
		};
/* End PBXContainerItemProxy section */

/* Begin PBXCopyFilesBuildPhase section */
		43F8980F28BCA1C4002B3AC1 /* Embed Login Items */ = {
			isa = PBXCopyFilesBuildPhase;
			buildActionMask = 2147483647;
			dstPath = Contents/Library/LoginItems;
			dstSubfolderSpec = 1;
			files = (
				43F8982528BDE6EA002B3AC1 /* Deep Work Timer Launch At Login Helper.app in Embed Login Items */,
			);
			name = "Embed Login Items";
			runOnlyForDeploymentPostprocessing = 0;
		};
/* End PBXCopyFilesBuildPhase section */

/* Begin PBXFileReference section */
		4311CC3028F5930600DBDCE3 /* Assets-AppIcon.xcassets */ = {isa = PBXFileReference; lastKnownFileType = folder.assetcatalog; path = "Assets-AppIcon.xcassets"; sourceTree = "<group>"; };
		4321D48C28F41EDC00ECCF2D /* Practices.swift */ = {isa = PBXFileReference; lastKnownFileType = sourcecode.swift; path = Practices.swift; sourceTree = "<group>"; };
		43564309282C4663009D071A /* Deep-Work-Timer-Info.plist */ = {isa = PBXFileReference; lastKnownFileType = text.plist; path = "Deep-Work-Timer-Info.plist"; sourceTree = "<group>"; };
		4356430C282EF295009D071A /* Stretching.swift */ = {isa = PBXFileReference; lastKnownFileType = sourcecode.swift; path = Stretching.swift; sourceTree = "<group>"; };
		43C98F572828804C007D45DF /* Deep Work Timer.app */ = {isa = PBXFileReference; explicitFileType = wrapper.application; includeInIndex = 0; path = "Deep Work Timer.app"; sourceTree = BUILT_PRODUCTS_DIR; };
		43C98F5A2828804C007D45DF /* DeepWorkTimerApp.swift */ = {isa = PBXFileReference; lastKnownFileType = sourcecode.swift; path = DeepWorkTimerApp.swift; sourceTree = "<group>"; };
		43C98F5C2828804C007D45DF /* AdjustDurationView.swift */ = {isa = PBXFileReference; lastKnownFileType = sourcecode.swift; path = AdjustDurationView.swift; sourceTree = "<group>"; };
		43C98F5E2828804E007D45DF /* Assets.xcassets */ = {isa = PBXFileReference; lastKnownFileType = folder.assetcatalog; path = Assets.xcassets; sourceTree = "<group>"; };
		43C98F612828804E007D45DF /* Preview Assets.xcassets */ = {isa = PBXFileReference; lastKnownFileType = folder.assetcatalog; path = "Preview Assets.xcassets"; sourceTree = "<group>"; };
		43C98F632828804F007D45DF /* DeepWorkTimer.entitlements */ = {isa = PBXFileReference; lastKnownFileType = text.plist.entitlements; path = DeepWorkTimer.entitlements; sourceTree = "<group>"; };
		43C98F692829085E007D45DF /* Util.swift */ = {isa = PBXFileReference; lastKnownFileType = sourcecode.swift; path = Util.swift; sourceTree = "<group>"; };
		43F897CA28B4AA08002B3AC1 /* State.swift */ = {isa = PBXFileReference; lastKnownFileType = sourcecode.swift; path = State.swift; sourceTree = "<group>"; };
		43F897CC28B4AA1F002B3AC1 /* Preferences.swift */ = {isa = PBXFileReference; lastKnownFileType = sourcecode.swift; path = Preferences.swift; sourceTree = "<group>"; };
		43F897CE28B4AA4D002B3AC1 /* DebugFlags.swift */ = {isa = PBXFileReference; lastKnownFileType = sourcecode.swift; path = DebugFlags.swift; sourceTree = "<group>"; };
		43F897D028B4AB13002B3AC1 /* Logging.swift */ = {isa = PBXFileReference; lastKnownFileType = sourcecode.swift; path = Logging.swift; sourceTree = "<group>"; };
		43F897D228B4AB5E002B3AC1 /* Memento.swift */ = {isa = PBXFileReference; lastKnownFileType = sourcecode.swift; path = Memento.swift; sourceTree = "<group>"; };
		43F897D428B4ABAE002B3AC1 /* AppModel.swift */ = {isa = PBXFileReference; lastKnownFileType = sourcecode.swift; path = AppModel.swift; sourceTree = "<group>"; };
		43F897DE28B4B23E002B3AC1 /* DeepWorkTimerTests.xctest */ = {isa = PBXFileReference; explicitFileType = wrapper.cfbundle; includeInIndex = 0; path = DeepWorkTimerTests.xctest; sourceTree = BUILT_PRODUCTS_DIR; };
		43F897E028B4B23E002B3AC1 /* DeepWorkTimerTests.swift */ = {isa = PBXFileReference; lastKnownFileType = sourcecode.swift; path = DeepWorkTimerTests.swift; sourceTree = "<group>"; };
		43F897E728B4B535002B3AC1 /* Date+mocking.swift */ = {isa = PBXFileReference; lastKnownFileType = sourcecode.swift; path = "Date+mocking.swift"; sourceTree = "<group>"; };
		43F897E928B5FCD1002B3AC1 /* Asserts.swift */ = {isa = PBXFileReference; lastKnownFileType = sourcecode.swift; path = Asserts.swift; sourceTree = "<group>"; };
		43F897EB28B61806002B3AC1 /* Interval.swift */ = {isa = PBXFileReference; lastKnownFileType = sourcecode.swift; path = Interval.swift; sourceTree = "<group>"; };
		43F897EE28B74B9E002B3AC1 /* TitleScheme.swift */ = {isa = PBXFileReference; lastKnownFileType = sourcecode.swift; path = TitleScheme.swift; sourceTree = "<group>"; };
		43F897F128B74FCE002B3AC1 /* Math.swift */ = {isa = PBXFileReference; lastKnownFileType = sourcecode.swift; path = Math.swift; sourceTree = "<group>"; };
		43F897F428B756E2002B3AC1 /* Silencing.swift */ = {isa = PBXFileReference; lastKnownFileType = sourcecode.swift; path = Silencing.swift; sourceTree = "<group>"; };
		43F897F628B75790002B3AC1 /* TimeInterval+shorthands.swift */ = {isa = PBXFileReference; lastKnownFileType = sourcecode.swift; path = "TimeInterval+shorthands.swift"; sourceTree = "<group>"; };
		43F897F828B75A07002B3AC1 /* Calendar+dayBoundary.swift */ = {isa = PBXFileReference; lastKnownFileType = sourcecode.swift; path = "Calendar+dayBoundary.swift"; sourceTree = "<group>"; };
		43F897FA28BC9BAB002B3AC1 /* LoginItem.swift */ = {isa = PBXFileReference; lastKnownFileType = sourcecode.swift; path = LoginItem.swift; sourceTree = "<group>"; };
		43F8981628BDE360002B3AC1 /* Deep Work Timer Launch At Login Helper.app */ = {isa = PBXFileReference; explicitFileType = wrapper.application; includeInIndex = 0; path = "Deep Work Timer Launch At Login Helper.app"; sourceTree = BUILT_PRODUCTS_DIR; };
		43F8981828BDE360002B3AC1 /* LaunchAtLoginHelper.swift */ = {isa = PBXFileReference; lastKnownFileType = sourcecode.swift; path = LaunchAtLoginHelper.swift; sourceTree = "<group>"; };
		43F8982128BDE365002B3AC1 /* LaunchAtLoginHelper.entitlements */ = {isa = PBXFileReference; lastKnownFileType = text.plist.entitlements; path = LaunchAtLoginHelper.entitlements; sourceTree = "<group>"; };
		43F8982828BDE8D9002B3AC1 /* LaunchAtLoginHelper-Info.plist */ = {isa = PBXFileReference; lastKnownFileType = text.plist.xml; path = "LaunchAtLoginHelper-Info.plist"; sourceTree = "<group>"; };
		43F8982928C5D011002B3AC1 /* Analytics.swift */ = {isa = PBXFileReference; lastKnownFileType = sourcecode.swift; path = Analytics.swift; sourceTree = "<group>"; };
/* End PBXFileReference section */

/* Begin PBXFrameworksBuildPhase section */
		43C98F542828804C007D45DF /* Frameworks */ = {
			isa = PBXFrameworksBuildPhase;
			buildActionMask = 2147483647;
			files = (
			);
			runOnlyForDeploymentPostprocessing = 0;
		};
		43F897DB28B4B23E002B3AC1 /* Frameworks */ = {
			isa = PBXFrameworksBuildPhase;
			buildActionMask = 2147483647;
			files = (
			);
			runOnlyForDeploymentPostprocessing = 0;
		};
		43F8981328BDE360002B3AC1 /* Frameworks */ = {
			isa = PBXFrameworksBuildPhase;
			buildActionMask = 2147483647;
			files = (
			);
			runOnlyForDeploymentPostprocessing = 0;
		};
/* End PBXFrameworksBuildPhase section */

/* Begin PBXGroup section */
		43C98F4E2828804C007D45DF = {
			isa = PBXGroup;
			children = (
				43564309282C4663009D071A /* Deep-Work-Timer-Info.plist */,
				43C98F592828804C007D45DF /* DeepWorkTimer */,
				43F897DF28B4B23E002B3AC1 /* DeepWorkTimerTests */,
				43F8981728BDE360002B3AC1 /* LaunchAtLoginHelper */,
				43C98F582828804C007D45DF /* Products */,
			);
			sourceTree = "<group>";
		};
		43C98F582828804C007D45DF /* Products */ = {
			isa = PBXGroup;
			children = (
				43C98F572828804C007D45DF /* Deep Work Timer.app */,
				43F897DE28B4B23E002B3AC1 /* DeepWorkTimerTests.xctest */,
				43F8981628BDE360002B3AC1 /* Deep Work Timer Launch At Login Helper.app */,
			);
			name = Products;
			sourceTree = "<group>";
		};
		43C98F592828804C007D45DF /* DeepWorkTimer */ = {
			isa = PBXGroup;
			children = (
				43F897D628B4ACAD002B3AC1 /* Application */,
				43F897D828B4ACBA002B3AC1 /* Presentation */,
				43F897D728B4ACB4002B3AC1 /* Model */,
				43F897D928B4ACD2002B3AC1 /* Util */,
				43C98F602828804E007D45DF /* Preview Content */,
				43C98F5E2828804E007D45DF /* Assets.xcassets */,
				4311CC3028F5930600DBDCE3 /* Assets-AppIcon.xcassets */,
				43C98F632828804F007D45DF /* DeepWorkTimer.entitlements */,
			);
			path = DeepWorkTimer;
			sourceTree = "<group>";
		};
		43C98F602828804E007D45DF /* Preview Content */ = {
			isa = PBXGroup;
			children = (
				43C98F612828804E007D45DF /* Preview Assets.xcassets */,
			);
			path = "Preview Content";
			sourceTree = "<group>";
		};
		43F897D628B4ACAD002B3AC1 /* Application */ = {
			isa = PBXGroup;
			children = (
				43C98F5A2828804C007D45DF /* DeepWorkTimerApp.swift */,
				43F897D028B4AB13002B3AC1 /* Logging.swift */,
				43F8982928C5D011002B3AC1 /* Analytics.swift */,
				43F897CC28B4AA1F002B3AC1 /* Preferences.swift */,
				43F897CE28B4AA4D002B3AC1 /* DebugFlags.swift */,
			);
			path = Application;
			sourceTree = "<group>";
		};
		43F897D728B4ACB4002B3AC1 /* Model */ = {
			isa = PBXGroup;
			children = (
				43F897CA28B4AA08002B3AC1 /* State.swift */,
				43F897EB28B61806002B3AC1 /* Interval.swift */,
				43F897D228B4AB5E002B3AC1 /* Memento.swift */,
				43F897F428B756E2002B3AC1 /* Silencing.swift */,
				43F897EE28B74B9E002B3AC1 /* TitleScheme.swift */,
				43F897F128B74FCE002B3AC1 /* Math.swift */,
			);
			path = Model;
			sourceTree = "<group>";
		};
		43F897D828B4ACBA002B3AC1 /* Presentation */ = {
			isa = PBXGroup;
			children = (
				43F897D428B4ABAE002B3AC1 /* AppModel.swift */,
				43C98F5C2828804C007D45DF /* AdjustDurationView.swift */,
				4356430C282EF295009D071A /* Stretching.swift */,
				4321D48C28F41EDC00ECCF2D /* Practices.swift */,
			);
			path = Presentation;
			sourceTree = "<group>";
		};
		43F897D928B4ACD2002B3AC1 /* Util */ = {
			isa = PBXGroup;
			children = (
				43C98F692829085E007D45DF /* Util.swift */,
				43F897F628B75790002B3AC1 /* TimeInterval+shorthands.swift */,
				43F897F828B75A07002B3AC1 /* Calendar+dayBoundary.swift */,
				43F897FA28BC9BAB002B3AC1 /* LoginItem.swift */,
			);
			path = Util;
			sourceTree = "<group>";
		};
		43F897DF28B4B23E002B3AC1 /* DeepWorkTimerTests */ = {
			isa = PBXGroup;
			children = (
				43F897E028B4B23E002B3AC1 /* DeepWorkTimerTests.swift */,
				43F897E928B5FCD1002B3AC1 /* Asserts.swift */,
				43F897E728B4B535002B3AC1 /* Date+mocking.swift */,
			);
			path = DeepWorkTimerTests;
			sourceTree = "<group>";
		};
		43F8981728BDE360002B3AC1 /* LaunchAtLoginHelper */ = {
			isa = PBXGroup;
			children = (
				43F8981828BDE360002B3AC1 /* LaunchAtLoginHelper.swift */,
				43F8982128BDE365002B3AC1 /* LaunchAtLoginHelper.entitlements */,
				43F8982828BDE8D9002B3AC1 /* LaunchAtLoginHelper-Info.plist */,
			);
			path = LaunchAtLoginHelper;
			sourceTree = "<group>";
		};
/* End PBXGroup section */

/* Begin PBXNativeTarget section */
		43C98F562828804C007D45DF /* Deep Work Timer */ = {
			isa = PBXNativeTarget;
			buildConfigurationList = 43C98F662828804F007D45DF /* Build configuration list for PBXNativeTarget "Deep Work Timer" */;
			buildPhases = (
				43C98F532828804C007D45DF /* Sources */,
				43C98F542828804C007D45DF /* Frameworks */,
				43C98F552828804C007D45DF /* Resources */,
				43F8980F28BCA1C4002B3AC1 /* Embed Login Items */,
			);
			buildRules = (
			);
			dependencies = (
				43F8982728BDE6FD002B3AC1 /* PBXTargetDependency */,
			);
			name = "Deep Work Timer";
			productName = DeepWorkTimer;
			productReference = 43C98F572828804C007D45DF /* Deep Work Timer.app */;
			productType = "com.apple.product-type.application";
		};
		43F897DD28B4B23E002B3AC1 /* DeepWorkTimerTests */ = {
			isa = PBXNativeTarget;
			buildConfigurationList = 43F897E428B4B23E002B3AC1 /* Build configuration list for PBXNativeTarget "DeepWorkTimerTests" */;
			buildPhases = (
				43F897DA28B4B23E002B3AC1 /* Sources */,
				43F897DB28B4B23E002B3AC1 /* Frameworks */,
				43F897DC28B4B23E002B3AC1 /* Resources */,
			);
			buildRules = (
			);
			dependencies = (
				43F897E328B4B23E002B3AC1 /* PBXTargetDependency */,
			);
			name = DeepWorkTimerTests;
			productName = DeepWorkTimerTests;
			productReference = 43F897DE28B4B23E002B3AC1 /* DeepWorkTimerTests.xctest */;
			productType = "com.apple.product-type.bundle.unit-test";
		};
		43F8981528BDE360002B3AC1 /* Deep Work Timer Launch At Login Helper */ = {
			isa = PBXNativeTarget;
			buildConfigurationList = 43F8982228BDE365002B3AC1 /* Build configuration list for PBXNativeTarget "Deep Work Timer Launch At Login Helper" */;
			buildPhases = (
				43F8981228BDE360002B3AC1 /* Sources */,
				43F8981328BDE360002B3AC1 /* Frameworks */,
				43F8981428BDE360002B3AC1 /* Resources */,
			);
			buildRules = (
			);
			dependencies = (
			);
			name = "Deep Work Timer Launch At Login Helper";
			productName = "Deep Work Timer Launch At Login Helper";
			productReference = 43F8981628BDE360002B3AC1 /* Deep Work Timer Launch At Login Helper.app */;
			productType = "com.apple.product-type.application";
		};
/* End PBXNativeTarget section */

/* Begin PBXProject section */
		43C98F4F2828804C007D45DF /* Project object */ = {
			isa = PBXProject;
			attributes = {
				BuildIndependentTargetsInParallel = 1;
				LastSwiftUpdateCheck = 1340;
				LastUpgradeCheck = 1340;
				TargetAttributes = {
					43C98F562828804C007D45DF = {
						CreatedOnToolsVersion = 13.3.1;
					};
					43F897DD28B4B23E002B3AC1 = {
						CreatedOnToolsVersion = 13.4.1;
						TestTargetID = 43C98F562828804C007D45DF;
					};
					43F8981528BDE360002B3AC1 = {
						CreatedOnToolsVersion = 13.4.1;
					};
				};
			};
			buildConfigurationList = 43C98F522828804C007D45DF /* Build configuration list for PBXProject "DeepWorkTimer" */;
			compatibilityVersion = "Xcode 13.0";
			developmentRegion = en;
			hasScannedForEncodings = 0;
			knownRegions = (
				en,
				Base,
			);
			mainGroup = 43C98F4E2828804C007D45DF;
			productRefGroup = 43C98F582828804C007D45DF /* Products */;
			projectDirPath = "";
			projectRoot = "";
			targets = (
				43C98F562828804C007D45DF /* Deep Work Timer */,
				43F897DD28B4B23E002B3AC1 /* DeepWorkTimerTests */,
				43F8981528BDE360002B3AC1 /* Deep Work Timer Launch At Login Helper */,
			);
		};
/* End PBXProject section */

/* Begin PBXResourcesBuildPhase section */
		43C98F552828804C007D45DF /* Resources */ = {
			isa = PBXResourcesBuildPhase;
			buildActionMask = 2147483647;
			files = (
				43C98F622828804E007D45DF /* Preview Assets.xcassets in Resources */,
				4311CC3128F5930600DBDCE3 /* Assets-AppIcon.xcassets in Resources */,
				43C98F5F2828804E007D45DF /* Assets.xcassets in Resources */,
			);
			runOnlyForDeploymentPostprocessing = 0;
		};
		43F897DC28B4B23E002B3AC1 /* Resources */ = {
			isa = PBXResourcesBuildPhase;
			buildActionMask = 2147483647;
			files = (
			);
			runOnlyForDeploymentPostprocessing = 0;
		};
		43F8981428BDE360002B3AC1 /* Resources */ = {
			isa = PBXResourcesBuildPhase;
			buildActionMask = 2147483647;
			files = (
				4311CC3228F5930600DBDCE3 /* Assets-AppIcon.xcassets in Resources */,
			);
			runOnlyForDeploymentPostprocessing = 0;
		};
/* End PBXResourcesBuildPhase section */

/* Begin PBXSourcesBuildPhase section */
		43C98F532828804C007D45DF /* Sources */ = {
			isa = PBXSourcesBuildPhase;
			buildActionMask = 2147483647;
			files = (
				43C98F5D2828804C007D45DF /* AdjustDurationView.swift in Sources */,
				43F897CD28B4AA1F002B3AC1 /* Preferences.swift in Sources */,
				43F897ED28B61833002B3AC1 /* Interval.swift in Sources */,
				43F897F328B75191002B3AC1 /* Math.swift in Sources */,
				43F897D528B4ABAE002B3AC1 /* AppModel.swift in Sources */,
				43F897F728B75790002B3AC1 /* TimeInterval+shorthands.swift in Sources */,
				43F897FB28BC9BAC002B3AC1 /* LoginItem.swift in Sources */,
				43F897F028B74C1B002B3AC1 /* TitleScheme.swift in Sources */,
				4321D48D28F41EDC00ECCF2D /* Practices.swift in Sources */,
				43F8982A28C5D011002B3AC1 /* Analytics.swift in Sources */,
				4356430D282EF295009D071A /* Stretching.swift in Sources */,
				43C98F6A2829085E007D45DF /* Util.swift in Sources */,
				43C98F5B2828804C007D45DF /* DeepWorkTimerApp.swift in Sources */,
				43F897F528B756E3002B3AC1 /* Silencing.swift in Sources */,
				43F897CB28B4AA08002B3AC1 /* State.swift in Sources */,
				43F897F928B75A07002B3AC1 /* Calendar+dayBoundary.swift in Sources */,
				43F897D328B4AB5E002B3AC1 /* Memento.swift in Sources */,
				43F897D128B4AB13002B3AC1 /* Logging.swift in Sources */,
				43F897CF28B4AA4D002B3AC1 /* DebugFlags.swift in Sources */,
			);
			runOnlyForDeploymentPostprocessing = 0;
		};
		43F897DA28B4B23E002B3AC1 /* Sources */ = {
			isa = PBXSourcesBuildPhase;
			buildActionMask = 2147483647;
			files = (
				43F897E828B4B535002B3AC1 /* Date+mocking.swift in Sources */,
				43F897E128B4B23E002B3AC1 /* DeepWorkTimerTests.swift in Sources */,
				43F897EA28B5FCD1002B3AC1 /* Asserts.swift in Sources */,
			);
			runOnlyForDeploymentPostprocessing = 0;
		};
		43F8981228BDE360002B3AC1 /* Sources */ = {
			isa = PBXSourcesBuildPhase;
			buildActionMask = 2147483647;
			files = (
				43F8981928BDE360002B3AC1 /* LaunchAtLoginHelper.swift in Sources */,
			);
			runOnlyForDeploymentPostprocessing = 0;
		};
/* End PBXSourcesBuildPhase section */

/* Begin PBXTargetDependency section */
		43F897E328B4B23E002B3AC1 /* PBXTargetDependency */ = {
			isa = PBXTargetDependency;
			target = 43C98F562828804C007D45DF /* Deep Work Timer */;
			targetProxy = 43F897E228B4B23E002B3AC1 /* PBXContainerItemProxy */;
		};
		43F8982728BDE6FD002B3AC1 /* PBXTargetDependency */ = {
			isa = PBXTargetDependency;
			target = 43F8981528BDE360002B3AC1 /* Deep Work Timer Launch At Login Helper */;
			targetProxy = 43F8982628BDE6FD002B3AC1 /* PBXContainerItemProxy */;
		};
/* End PBXTargetDependency section */

/* Begin XCBuildConfiguration section */
		43C98F642828804F007D45DF /* Debug */ = {
			isa = XCBuildConfiguration;
			buildSettings = {
				ALWAYS_SEARCH_USER_PATHS = NO;
				CLANG_ANALYZER_NONNULL = YES;
				CLANG_ANALYZER_NUMBER_OBJECT_CONVERSION = YES_AGGRESSIVE;
				CLANG_CXX_LANGUAGE_STANDARD = "gnu++17";
				CLANG_ENABLE_MODULES = YES;
				CLANG_ENABLE_OBJC_ARC = YES;
				CLANG_ENABLE_OBJC_WEAK = YES;
				CLANG_WARN_BLOCK_CAPTURE_AUTORELEASING = YES;
				CLANG_WARN_BOOL_CONVERSION = YES;
				CLANG_WARN_COMMA = YES;
				CLANG_WARN_CONSTANT_CONVERSION = YES;
				CLANG_WARN_DEPRECATED_OBJC_IMPLEMENTATIONS = YES;
				CLANG_WARN_DIRECT_OBJC_ISA_USAGE = YES_ERROR;
				CLANG_WARN_DOCUMENTATION_COMMENTS = YES;
				CLANG_WARN_EMPTY_BODY = YES;
				CLANG_WARN_ENUM_CONVERSION = YES;
				CLANG_WARN_INFINITE_RECURSION = YES;
				CLANG_WARN_INT_CONVERSION = YES;
				CLANG_WARN_NON_LITERAL_NULL_CONVERSION = YES;
				CLANG_WARN_OBJC_IMPLICIT_RETAIN_SELF = YES;
				CLANG_WARN_OBJC_LITERAL_CONVERSION = YES;
				CLANG_WARN_OBJC_ROOT_CLASS = YES_ERROR;
				CLANG_WARN_QUOTED_INCLUDE_IN_FRAMEWORK_HEADER = YES;
				CLANG_WARN_RANGE_LOOP_ANALYSIS = YES;
				CLANG_WARN_STRICT_PROTOTYPES = YES;
				CLANG_WARN_SUSPICIOUS_MOVE = YES;
				CLANG_WARN_UNGUARDED_AVAILABILITY = YES_AGGRESSIVE;
				CLANG_WARN_UNREACHABLE_CODE = YES;
				CLANG_WARN__DUPLICATE_METHOD_MATCH = YES;
				COPY_PHASE_STRIP = NO;
				DEBUG_INFORMATION_FORMAT = dwarf;
				ENABLE_STRICT_OBJC_MSGSEND = YES;
				ENABLE_TESTABILITY = YES;
				GCC_C_LANGUAGE_STANDARD = gnu11;
				GCC_DYNAMIC_NO_PIC = NO;
				GCC_NO_COMMON_BLOCKS = YES;
				GCC_OPTIMIZATION_LEVEL = 0;
				GCC_PREPROCESSOR_DEFINITIONS = (
					"DEBUG=1",
					"$(inherited)",
				);
				GCC_WARN_64_TO_32_BIT_CONVERSION = YES;
				GCC_WARN_ABOUT_RETURN_TYPE = YES_ERROR;
				GCC_WARN_UNDECLARED_SELECTOR = YES;
				GCC_WARN_UNINITIALIZED_AUTOS = YES_AGGRESSIVE;
				GCC_WARN_UNUSED_FUNCTION = YES;
				GCC_WARN_UNUSED_VARIABLE = YES;
				MACOSX_DEPLOYMENT_TARGET = 12.3;
				MTL_ENABLE_DEBUG_INFO = INCLUDE_SOURCE;
				MTL_FAST_MATH = YES;
				ONLY_ACTIVE_ARCH = YES;
				SDKROOT = macosx;
				SWIFT_ACTIVE_COMPILATION_CONDITIONS = DEBUG;
				SWIFT_OPTIMIZATION_LEVEL = "-Onone";
			};
			name = Debug;
		};
		43C98F652828804F007D45DF /* Release */ = {
			isa = XCBuildConfiguration;
			buildSettings = {
				ALWAYS_SEARCH_USER_PATHS = NO;
				CLANG_ANALYZER_NONNULL = YES;
				CLANG_ANALYZER_NUMBER_OBJECT_CONVERSION = YES_AGGRESSIVE;
				CLANG_CXX_LANGUAGE_STANDARD = "gnu++17";
				CLANG_ENABLE_MODULES = YES;
				CLANG_ENABLE_OBJC_ARC = YES;
				CLANG_ENABLE_OBJC_WEAK = YES;
				CLANG_WARN_BLOCK_CAPTURE_AUTORELEASING = YES;
				CLANG_WARN_BOOL_CONVERSION = YES;
				CLANG_WARN_COMMA = YES;
				CLANG_WARN_CONSTANT_CONVERSION = YES;
				CLANG_WARN_DEPRECATED_OBJC_IMPLEMENTATIONS = YES;
				CLANG_WARN_DIRECT_OBJC_ISA_USAGE = YES_ERROR;
				CLANG_WARN_DOCUMENTATION_COMMENTS = YES;
				CLANG_WARN_EMPTY_BODY = YES;
				CLANG_WARN_ENUM_CONVERSION = YES;
				CLANG_WARN_INFINITE_RECURSION = YES;
				CLANG_WARN_INT_CONVERSION = YES;
				CLANG_WARN_NON_LITERAL_NULL_CONVERSION = YES;
				CLANG_WARN_OBJC_IMPLICIT_RETAIN_SELF = YES;
				CLANG_WARN_OBJC_LITERAL_CONVERSION = YES;
				CLANG_WARN_OBJC_ROOT_CLASS = YES_ERROR;
				CLANG_WARN_QUOTED_INCLUDE_IN_FRAMEWORK_HEADER = YES;
				CLANG_WARN_RANGE_LOOP_ANALYSIS = YES;
				CLANG_WARN_STRICT_PROTOTYPES = YES;
				CLANG_WARN_SUSPICIOUS_MOVE = YES;
				CLANG_WARN_UNGUARDED_AVAILABILITY = YES_AGGRESSIVE;
				CLANG_WARN_UNREACHABLE_CODE = YES;
				CLANG_WARN__DUPLICATE_METHOD_MATCH = YES;
				COPY_PHASE_STRIP = NO;
				DEBUG_INFORMATION_FORMAT = "dwarf-with-dsym";
				ENABLE_NS_ASSERTIONS = NO;
				ENABLE_STRICT_OBJC_MSGSEND = YES;
				GCC_C_LANGUAGE_STANDARD = gnu11;
				GCC_NO_COMMON_BLOCKS = YES;
				GCC_WARN_64_TO_32_BIT_CONVERSION = YES;
				GCC_WARN_ABOUT_RETURN_TYPE = YES_ERROR;
				GCC_WARN_UNDECLARED_SELECTOR = YES;
				GCC_WARN_UNINITIALIZED_AUTOS = YES_AGGRESSIVE;
				GCC_WARN_UNUSED_FUNCTION = YES;
				GCC_WARN_UNUSED_VARIABLE = YES;
				MACOSX_DEPLOYMENT_TARGET = 12.3;
				MTL_ENABLE_DEBUG_INFO = NO;
				MTL_FAST_MATH = YES;
				SDKROOT = macosx;
				SWIFT_COMPILATION_MODE = wholemodule;
				SWIFT_OPTIMIZATION_LEVEL = "-O";
			};
			name = Release;
		};
		43C98F672828804F007D45DF /* Debug */ = {
			isa = XCBuildConfiguration;
			buildSettings = {
				ALWAYS_EMBED_SWIFT_STANDARD_LIBRARIES = YES;
				ASSETCATALOG_COMPILER_APPICON_NAME = AppIcon;
				ASSETCATALOG_COMPILER_GLOBAL_ACCENT_COLOR_NAME = AccentColor;
				CODE_SIGN_ENTITLEMENTS = DeepWorkTimer/DeepWorkTimer.entitlements;
				CODE_SIGN_IDENTITY = "Apple Development";
				CODE_SIGN_STYLE = Automatic;
				COMBINE_HIDPI_IMAGES = YES;
				CURRENT_PROJECT_VERSION = 1;
				DEVELOPMENT_ASSET_PATHS = "\"DeepWorkTimer/Preview Content\"";
				DEVELOPMENT_TEAM = D963M2VVCH;
				ENABLE_HARDENED_RUNTIME = YES;
				ENABLE_PREVIEWS = YES;
				GENERATE_INFOPLIST_FILE = YES;
				INFOPLIST_FILE = "Deep-Work-Timer-Info.plist";
				INFOPLIST_KEY_NSHumanReadableCopyright = "";
				LD_RUNPATH_SEARCH_PATHS = (
					"$(inherited)",
					"@executable_path/../Frameworks",
				);
				MARKETING_VERSION = 1.0;
				PRODUCT_BUNDLE_IDENTIFIER = com.tarantsov.DeepWorkTimer;
				PRODUCT_NAME = "$(TARGET_NAME)";
				PROVISIONING_PROFILE_SPECIFIER = "";
				SWIFT_EMIT_LOC_STRINGS = YES;
				SWIFT_VERSION = 5.0;
			};
			name = Debug;
		};
		43C98F682828804F007D45DF /* Release */ = {
			isa = XCBuildConfiguration;
			buildSettings = {
				ALWAYS_EMBED_SWIFT_STANDARD_LIBRARIES = YES;
				ASSETCATALOG_COMPILER_APPICON_NAME = AppIcon;
				ASSETCATALOG_COMPILER_GLOBAL_ACCENT_COLOR_NAME = AccentColor;
				CODE_SIGN_ENTITLEMENTS = DeepWorkTimer/DeepWorkTimer.entitlements;
				CODE_SIGN_IDENTITY = "-";
				CODE_SIGN_STYLE = Automatic;
				COMBINE_HIDPI_IMAGES = YES;
				CURRENT_PROJECT_VERSION = 1;
				DEVELOPMENT_ASSET_PATHS = "\"DeepWorkTimer/Preview Content\"";
				DEVELOPMENT_TEAM = D963M2VVCH;
				ENABLE_HARDENED_RUNTIME = YES;
				ENABLE_PREVIEWS = YES;
				GENERATE_INFOPLIST_FILE = YES;
				INFOPLIST_FILE = "Deep-Work-Timer-Info.plist";
				INFOPLIST_KEY_NSHumanReadableCopyright = "";
				LD_RUNPATH_SEARCH_PATHS = (
					"$(inherited)",
					"@executable_path/../Frameworks",
				);
				MARKETING_VERSION = 1.0;
				PRODUCT_BUNDLE_IDENTIFIER = com.tarantsov.DeepWorkTimer;
				PRODUCT_NAME = "$(TARGET_NAME)";
				SWIFT_EMIT_LOC_STRINGS = YES;
				SWIFT_VERSION = 5.0;
			};
			name = Release;
		};
		43F897E528B4B23E002B3AC1 /* Debug */ = {
			isa = XCBuildConfiguration;
			buildSettings = {
				BUNDLE_LOADER = "$(TEST_HOST)";
				CODE_SIGN_STYLE = Automatic;
				CURRENT_PROJECT_VERSION = 1;
				DEVELOPMENT_TEAM = D963M2VVCH;
				GENERATE_INFOPLIST_FILE = YES;
				MARKETING_VERSION = 1.0;
				PRODUCT_BUNDLE_IDENTIFIER = com.tarantsov.DeepWorkTimerTests;
				PRODUCT_NAME = "$(TARGET_NAME)";
				SWIFT_EMIT_LOC_STRINGS = NO;
				SWIFT_VERSION = 5.0;
				TEST_HOST = "$(BUILT_PRODUCTS_DIR)/Deep Work Timer.app/Contents/MacOS/Deep Work Timer";
			};
			name = Debug;
		};
		43F897E628B4B23E002B3AC1 /* Release */ = {
			isa = XCBuildConfiguration;
			buildSettings = {
				BUNDLE_LOADER = "$(TEST_HOST)";
				CODE_SIGN_STYLE = Automatic;
				CURRENT_PROJECT_VERSION = 1;
				DEVELOPMENT_TEAM = D963M2VVCH;
				GENERATE_INFOPLIST_FILE = YES;
				MARKETING_VERSION = 1.0;
				PRODUCT_BUNDLE_IDENTIFIER = com.tarantsov.DeepWorkTimerTests;
				PRODUCT_NAME = "$(TARGET_NAME)";
				SWIFT_EMIT_LOC_STRINGS = NO;
				SWIFT_VERSION = 5.0;
				TEST_HOST = "$(BUILT_PRODUCTS_DIR)/Deep Work Timer.app/Contents/MacOS/Deep Work Timer";
			};
			name = Release;
		};
		43F8982328BDE365002B3AC1 /* Debug */ = {
			isa = XCBuildConfiguration;
			buildSettings = {
				ASSETCATALOG_COMPILER_APPICON_NAME = AppIcon;
				ASSETCATALOG_COMPILER_GLOBAL_ACCENT_COLOR_NAME = AccentColor;
				CODE_SIGN_ENTITLEMENTS = LaunchAtLoginHelper/LaunchAtLoginHelper.entitlements;
				CODE_SIGN_STYLE = Automatic;
				COMBINE_HIDPI_IMAGES = YES;
				CURRENT_PROJECT_VERSION = 1;
				DEVELOPMENT_ASSET_PATHS = "";
				DEVELOPMENT_TEAM = D963M2VVCH;
				ENABLE_HARDENED_RUNTIME = YES;
				ENABLE_PREVIEWS = YES;
				GENERATE_INFOPLIST_FILE = YES;
				INFOPLIST_FILE = "LaunchAtLoginHelper/LaunchAtLoginHelper-Info.plist";
				INFOPLIST_KEY_NSHumanReadableCopyright = "";
				LD_RUNPATH_SEARCH_PATHS = (
					"$(inherited)",
					"@executable_path/../Frameworks",
				);
				MARKETING_VERSION = 1.0;
				PRODUCT_BUNDLE_IDENTIFIER = com.tarantsov.DeepWorkTimer.LaunchAtLoginHelper;
				PRODUCT_NAME = "$(TARGET_NAME)";
				SWIFT_EMIT_LOC_STRINGS = YES;
				SWIFT_VERSION = 5.0;
			};
			name = Debug;
		};
		43F8982428BDE365002B3AC1 /* Release */ = {
			isa = XCBuildConfiguration;
			buildSettings = {
				ASSETCATALOG_COMPILER_APPICON_NAME = AppIcon;
				ASSETCATALOG_COMPILER_GLOBAL_ACCENT_COLOR_NAME = AccentColor;
				CODE_SIGN_ENTITLEMENTS = LaunchAtLoginHelper/LaunchAtLoginHelper.entitlements;
				CODE_SIGN_STYLE = Automatic;
				COMBINE_HIDPI_IMAGES = YES;
				CURRENT_PROJECT_VERSION = 1;
				DEVELOPMENT_ASSET_PATHS = "";
				DEVELOPMENT_TEAM = D963M2VVCH;
				ENABLE_HARDENED_RUNTIME = YES;
				ENABLE_PREVIEWS = YES;
				GENERATE_INFOPLIST_FILE = YES;
				INFOPLIST_FILE = "LaunchAtLoginHelper/LaunchAtLoginHelper-Info.plist";
				INFOPLIST_KEY_NSHumanReadableCopyright = "";
				LD_RUNPATH_SEARCH_PATHS = (
					"$(inherited)",
					"@executable_path/../Frameworks",
				);
				MARKETING_VERSION = 1.0;
				PRODUCT_BUNDLE_IDENTIFIER = com.tarantsov.DeepWorkTimer.LaunchAtLoginHelper;
				PRODUCT_NAME = "$(TARGET_NAME)";
				SWIFT_EMIT_LOC_STRINGS = YES;
				SWIFT_VERSION = 5.0;
			};
			name = Release;
		};
/* End XCBuildConfiguration section */

/* Begin XCConfigurationList section */
		43C98F522828804C007D45DF /* Build configuration list for PBXProject "DeepWorkTimer" */ = {
			isa = XCConfigurationList;
			buildConfigurations = (
				43C98F642828804F007D45DF /* Debug */,
				43C98F652828804F007D45DF /* Release */,
			);
			defaultConfigurationIsVisible = 0;
			defaultConfigurationName = Release;
		};
		43C98F662828804F007D45DF /* Build configuration list for PBXNativeTarget "Deep Work Timer" */ = {
			isa = XCConfigurationList;
			buildConfigurations = (
				43C98F672828804F007D45DF /* Debug */,
				43C98F682828804F007D45DF /* Release */,
			);
			defaultConfigurationIsVisible = 0;
			defaultConfigurationName = Release;
		};
		43F897E428B4B23E002B3AC1 /* Build configuration list for PBXNativeTarget "DeepWorkTimerTests" */ = {
			isa = XCConfigurationList;
			buildConfigurations = (
				43F897E528B4B23E002B3AC1 /* Debug */,
				43F897E628B4B23E002B3AC1 /* Release */,
			);
			defaultConfigurationIsVisible = 0;
			defaultConfigurationName = Release;
		};
		43F8982228BDE365002B3AC1 /* Build configuration list for PBXNativeTarget "Deep Work Timer Launch At Login Helper" */ = {
			isa = XCConfigurationList;
			buildConfigurations = (
				43F8982328BDE365002B3AC1 /* Debug */,
				43F8982428BDE365002B3AC1 /* Release */,
			);
			defaultConfigurationIsVisible = 0;
			defaultConfigurationName = Release;
		};
/* End XCConfigurationList section */
	};
	rootObject = 43C98F4F2828804C007D45DF /* Project object */;
}
