// !$*UTF8*$!
{
	archiveVersion = 1;
	classes = {
	};
	objectVersion = 55;
	objects = {

/* Begin PBXBuildFile section */
		4311CC3728F595EF00DBDCE3 /* DeepWorkBuddy.xcassets in Resources */ = {isa = PBXBuildFile; fileRef = 4311CC3628F595EF00DBDCE3 /* DeepWorkBuddy.xcassets */; };
		4311CC3928F595F700DBDCE3 /* Shared.xcassets in Resources */ = {isa = PBXBuildFile; fileRef = 4311CC3828F595F700DBDCE3 /* Shared.xcassets */; };
		4311CC3A28F595F700DBDCE3 /* Shared.xcassets in Resources */ = {isa = PBXBuildFile; fileRef = 4311CC3828F595F700DBDCE3 /* Shared.xcassets */; };
		4311CC3C28F5960D00DBDCE3 /* Preview.xcassets in Resources */ = {isa = PBXBuildFile; fileRef = 4311CC3B28F5960D00DBDCE3 /* Preview.xcassets */; };
		4311CC5528F5961D00DBDCE3 /* LoginItem.swift in Sources */ = {isa = PBXBuildFile; fileRef = 4311CC3F28F5961D00DBDCE3 /* LoginItem.swift */; };
		4311CC5628F5961D00DBDCE3 /* TimeInterval+shorthands.swift in Sources */ = {isa = PBXBuildFile; fileRef = 4311CC4028F5961D00DBDCE3 /* TimeInterval+shorthands.swift */; };
		4311CC5728F5961D00DBDCE3 /* Util.swift in Sources */ = {isa = PBXBuildFile; fileRef = 4311CC4128F5961D00DBDCE3 /* Util.swift */; };
		4311CC5828F5961D00DBDCE3 /* Calendar+dayBoundary.swift in Sources */ = {isa = PBXBuildFile; fileRef = 4311CC4228F5961D00DBDCE3 /* Calendar+dayBoundary.swift */; };
		4311CC5928F5961D00DBDCE3 /* Math.swift in Sources */ = {isa = PBXBuildFile; fileRef = 4311CC4428F5961D00DBDCE3 /* Math.swift */; };
		4311CC5A28F5961D00DBDCE3 /* Silencing.swift in Sources */ = {isa = PBXBuildFile; fileRef = 4311CC4528F5961D00DBDCE3 /* Silencing.swift */; };
		4311CC5B28F5961D00DBDCE3 /* Memento.swift in Sources */ = {isa = PBXBuildFile; fileRef = 4311CC4628F5961D00DBDCE3 /* Memento.swift */; };
		4311CC5C28F5961D00DBDCE3 /* State.swift in Sources */ = {isa = PBXBuildFile; fileRef = 4311CC4728F5961D00DBDCE3 /* State.swift */; };
		4311CC5D28F5961D00DBDCE3 /* Interval.swift in Sources */ = {isa = PBXBuildFile; fileRef = 4311CC4828F5961D00DBDCE3 /* Interval.swift */; };
		4311CC5E28F5961D00DBDCE3 /* TitleScheme.swift in Sources */ = {isa = PBXBuildFile; fileRef = 4311CC4928F5961D00DBDCE3 /* TitleScheme.swift */; };
		4311CC5F28F5961D00DBDCE3 /* Analytics.swift in Sources */ = {isa = PBXBuildFile; fileRef = 4311CC4B28F5961D00DBDCE3 /* Analytics.swift */; };
		4311CC6028F5961D00DBDCE3 /* Logging.swift in Sources */ = {isa = PBXBuildFile; fileRef = 4311CC4C28F5961D00DBDCE3 /* Logging.swift */; };
		4311CC6128F5961D00DBDCE3 /* DebugFlags.swift in Sources */ = {isa = PBXBuildFile; fileRef = 4311CC4D28F5961D00DBDCE3 /* DebugFlags.swift */; };
		4311CC6228F5961D00DBDCE3 /* Preferences.swift in Sources */ = {isa = PBXBuildFile; fileRef = 4311CC4E28F5961D00DBDCE3 /* Preferences.swift */; };
		4311CC6328F5961D00DBDCE3 /* DeepWorkTimerApp.swift in Sources */ = {isa = PBXBuildFile; fileRef = 4311CC4F28F5961D00DBDCE3 /* DeepWorkTimerApp.swift */; };
		4311CC6428F5961D00DBDCE3 /* Stretching.swift in Sources */ = {isa = PBXBuildFile; fileRef = 4311CC5128F5961D00DBDCE3 /* Stretching.swift */; };
		4311CC6528F5961D00DBDCE3 /* Practices.swift in Sources */ = {isa = PBXBuildFile; fileRef = 4311CC5228F5961D00DBDCE3 /* Practices.swift */; };
		4311CC6628F5961D00DBDCE3 /* AppModel.swift in Sources */ = {isa = PBXBuildFile; fileRef = 4311CC5328F5961D00DBDCE3 /* AppModel.swift */; };
		4311CC6728F5961D00DBDCE3 /* AdjustDurationView.swift in Sources */ = {isa = PBXBuildFile; fileRef = 4311CC5428F5961D00DBDCE3 /* AdjustDurationView.swift */; };
		43F897E128B4B23E002B3AC1 /* DeepWorkTimerTests.swift in Sources */ = {isa = PBXBuildFile; fileRef = 43F897E028B4B23E002B3AC1 /* DeepWorkTimerTests.swift */; };
		43F897E828B4B535002B3AC1 /* Date+mocking.swift in Sources */ = {isa = PBXBuildFile; fileRef = 43F897E728B4B535002B3AC1 /* Date+mocking.swift */; };
		43F897EA28B5FCD1002B3AC1 /* Asserts.swift in Sources */ = {isa = PBXBuildFile; fileRef = 43F897E928B5FCD1002B3AC1 /* Asserts.swift */; };
		43F8981928BDE360002B3AC1 /* LaunchAtLoginHelper.swift in Sources */ = {isa = PBXBuildFile; fileRef = 43F8981828BDE360002B3AC1 /* LaunchAtLoginHelper.swift */; };
		43F8982528BDE6EA002B3AC1 /* Deep Work Buddy Launch At Login Helper.app in Embed Login Items */ = {isa = PBXBuildFile; fileRef = 43F8981628BDE360002B3AC1 /* Deep Work Buddy Launch At Login Helper.app */; settings = {ATTRIBUTES = (RemoveHeadersOnCopy, ); }; };
/* End PBXBuildFile section */

/* Begin PBXContainerItemProxy section */
		43F897E228B4B23E002B3AC1 /* PBXContainerItemProxy */ = {
			isa = PBXContainerItemProxy;
			containerPortal = 43C98F4F2828804C007D45DF /* Project object */;
			proxyType = 1;
			remoteGlobalIDString = 43C98F562828804C007D45DF;
			remoteInfo = "Deep Work Timer";
		};
		43F8982628BDE6FD002B3AC1 /* PBXContainerItemProxy */ = {
			isa = PBXContainerItemProxy;
			containerPortal = 43C98F4F2828804C007D45DF /* Project object */;
			proxyType = 1;
			remoteGlobalIDString = 43F8981528BDE360002B3AC1;
			remoteInfo = "Deep Work Timer Launch At Login Helper";
		};
/* End PBXContainerItemProxy section */

/* Begin PBXCopyFilesBuildPhase section */
		43F8980F28BCA1C4002B3AC1 /* Embed Login Items */ = {
			isa = PBXCopyFilesBuildPhase;
			buildActionMask = 2147483647;
			dstPath = Contents/Library/LoginItems;
			dstSubfolderSpec = 1;
			files = (
				43F8982528BDE6EA002B3AC1 /* Deep Work Buddy Launch At Login Helper.app in Embed Login Items */,
			);
			name = "Embed Login Items";
			runOnlyForDeploymentPostprocessing = 0;
		};
/* End PBXCopyFilesBuildPhase section */

/* Begin PBXFileReference section */
		4311CC3428F5959700DBDCE3 /* DeepWorkBuddy-Info.plist */ = {isa = PBXFileReference; lastKnownFileType = text.plist.xml; path = "DeepWorkBuddy-Info.plist"; sourceTree = "<group>"; };
		4311CC3528F5959700DBDCE3 /* DeepWorkBuddy.entitlements */ = {isa = PBXFileReference; lastKnownFileType = text.plist.entitlements; path = DeepWorkBuddy.entitlements; sourceTree = "<group>"; };
		4311CC3628F595EF00DBDCE3 /* DeepWorkBuddy.xcassets */ = {isa = PBXFileReference; lastKnownFileType = folder.assetcatalog; path = DeepWorkBuddy.xcassets; sourceTree = "<group>"; };
		4311CC3828F595F700DBDCE3 /* Shared.xcassets */ = {isa = PBXFileReference; lastKnownFileType = folder.assetcatalog; path = Shared.xcassets; sourceTree = "<group>"; };
		4311CC3B28F5960D00DBDCE3 /* Preview.xcassets */ = {isa = PBXFileReference; lastKnownFileType = folder.assetcatalog; path = Preview.xcassets; sourceTree = "<group>"; };
		4311CC3F28F5961D00DBDCE3 /* LoginItem.swift */ = {isa = PBXFileReference; fileEncoding = 4; lastKnownFileType = sourcecode.swift; path = LoginItem.swift; sourceTree = "<group>"; };
		4311CC4028F5961D00DBDCE3 /* TimeInterval+shorthands.swift */ = {isa = PBXFileReference; fileEncoding = 4; lastKnownFileType = sourcecode.swift; path = "TimeInterval+shorthands.swift"; sourceTree = "<group>"; };
		4311CC4128F5961D00DBDCE3 /* Util.swift */ = {isa = PBXFileReference; fileEncoding = 4; lastKnownFileType = sourcecode.swift; path = Util.swift; sourceTree = "<group>"; };
		4311CC4228F5961D00DBDCE3 /* Calendar+dayBoundary.swift */ = {isa = PBXFileReference; fileEncoding = 4; lastKnownFileType = sourcecode.swift; path = "Calendar+dayBoundary.swift"; sourceTree = "<group>"; };
		4311CC4428F5961D00DBDCE3 /* Math.swift */ = {isa = PBXFileReference; fileEncoding = 4; lastKnownFileType = sourcecode.swift; path = Math.swift; sourceTree = "<group>"; };
		4311CC4528F5961D00DBDCE3 /* Silencing.swift */ = {isa = PBXFileReference; fileEncoding = 4; lastKnownFileType = sourcecode.swift; path = Silencing.swift; sourceTree = "<group>"; };
		4311CC4628F5961D00DBDCE3 /* Memento.swift */ = {isa = PBXFileReference; fileEncoding = 4; lastKnownFileType = sourcecode.swift; path = Memento.swift; sourceTree = "<group>"; };
		4311CC4728F5961D00DBDCE3 /* State.swift */ = {isa = PBXFileReference; fileEncoding = 4; lastKnownFileType = sourcecode.swift; path = State.swift; sourceTree = "<group>"; };
		4311CC4828F5961D00DBDCE3 /* Interval.swift */ = {isa = PBXFileReference; fileEncoding = 4; lastKnownFileType = sourcecode.swift; path = Interval.swift; sourceTree = "<group>"; };
		4311CC4928F5961D00DBDCE3 /* TitleScheme.swift */ = {isa = PBXFileReference; fileEncoding = 4; lastKnownFileType = sourcecode.swift; path = TitleScheme.swift; sourceTree = "<group>"; };
		4311CC4B28F5961D00DBDCE3 /* Analytics.swift */ = {isa = PBXFileReference; fileEncoding = 4; lastKnownFileType = sourcecode.swift; path = Analytics.swift; sourceTree = "<group>"; };
		4311CC4C28F5961D00DBDCE3 /* Logging.swift */ = {isa = PBXFileReference; fileEncoding = 4; lastKnownFileType = sourcecode.swift; path = Logging.swift; sourceTree = "<group>"; };
		4311CC4D28F5961D00DBDCE3 /* DebugFlags.swift */ = {isa = PBXFileReference; fileEncoding = 4; lastKnownFileType = sourcecode.swift; path = DebugFlags.swift; sourceTree = "<group>"; };
		4311CC4E28F5961D00DBDCE3 /* Preferences.swift */ = {isa = PBXFileReference; fileEncoding = 4; lastKnownFileType = sourcecode.swift; path = Preferences.swift; sourceTree = "<group>"; };
		4311CC4F28F5961D00DBDCE3 /* DeepWorkTimerApp.swift */ = {isa = PBXFileReference; fileEncoding = 4; lastKnownFileType = sourcecode.swift; path = DeepWorkTimerApp.swift; sourceTree = "<group>"; };
		4311CC5128F5961D00DBDCE3 /* Stretching.swift */ = {isa = PBXFileReference; fileEncoding = 4; lastKnownFileType = sourcecode.swift; path = Stretching.swift; sourceTree = "<group>"; };
		4311CC5228F5961D00DBDCE3 /* Practices.swift */ = {isa = PBXFileReference; fileEncoding = 4; lastKnownFileType = sourcecode.swift; path = Practices.swift; sourceTree = "<group>"; };
		4311CC5328F5961D00DBDCE3 /* AppModel.swift */ = {isa = PBXFileReference; fileEncoding = 4; lastKnownFileType = sourcecode.swift; path = AppModel.swift; sourceTree = "<group>"; };
		4311CC5428F5961D00DBDCE3 /* AdjustDurationView.swift */ = {isa = PBXFileReference; fileEncoding = 4; lastKnownFileType = sourcecode.swift; path = AdjustDurationView.swift; sourceTree = "<group>"; };
		43C98F572828804C007D45DF /* Deep Work Buddy.app */ = {isa = PBXFileReference; explicitFileType = wrapper.application; includeInIndex = 0; path = "Deep Work Buddy.app"; sourceTree = BUILT_PRODUCTS_DIR; };
		43F897DE28B4B23E002B3AC1 /* DeepWorkBuddyTests.xctest */ = {isa = PBXFileReference; explicitFileType = wrapper.cfbundle; includeInIndex = 0; path = DeepWorkBuddyTests.xctest; sourceTree = BUILT_PRODUCTS_DIR; };
		43F897E028B4B23E002B3AC1 /* DeepWorkTimerTests.swift */ = {isa = PBXFileReference; lastKnownFileType = sourcecode.swift; path = DeepWorkTimerTests.swift; sourceTree = "<group>"; };
		43F897E728B4B535002B3AC1 /* Date+mocking.swift */ = {isa = PBXFileReference; lastKnownFileType = sourcecode.swift; path = "Date+mocking.swift"; sourceTree = "<group>"; };
		43F897E928B5FCD1002B3AC1 /* Asserts.swift */ = {isa = PBXFileReference; lastKnownFileType = sourcecode.swift; path = Asserts.swift; sourceTree = "<group>"; };
		43F8981628BDE360002B3AC1 /* Deep Work Buddy Launch At Login Helper.app */ = {isa = PBXFileReference; explicitFileType = wrapper.application; includeInIndex = 0; path = "Deep Work Buddy Launch At Login Helper.app"; sourceTree = BUILT_PRODUCTS_DIR; };
		43F8981828BDE360002B3AC1 /* LaunchAtLoginHelper.swift */ = {isa = PBXFileReference; lastKnownFileType = sourcecode.swift; path = LaunchAtLoginHelper.swift; sourceTree = "<group>"; };
		43F8982128BDE365002B3AC1 /* LaunchAtLoginHelper.entitlements */ = {isa = PBXFileReference; lastKnownFileType = text.plist.entitlements; path = LaunchAtLoginHelper.entitlements; sourceTree = "<group>"; };
		43F8982828BDE8D9002B3AC1 /* LaunchAtLoginHelper-Info.plist */ = {isa = PBXFileReference; lastKnownFileType = text.plist.xml; path = "LaunchAtLoginHelper-Info.plist"; sourceTree = "<group>"; };
/* End PBXFileReference section */

/* Begin PBXFrameworksBuildPhase section */
		43C98F542828804C007D45DF /* Frameworks */ = {
			isa = PBXFrameworksBuildPhase;
			buildActionMask = 2147483647;
			files = (
			);
			runOnlyForDeploymentPostprocessing = 0;
		};
		43F897DB28B4B23E002B3AC1 /* Frameworks */ = {
			isa = PBXFrameworksBuildPhase;
			buildActionMask = 2147483647;
			files = (
			);
			runOnlyForDeploymentPostprocessing = 0;
		};
		43F8981328BDE360002B3AC1 /* Frameworks */ = {
			isa = PBXFrameworksBuildPhase;
			buildActionMask = 2147483647;
			files = (
			);
			runOnlyForDeploymentPostprocessing = 0;
		};
/* End PBXFrameworksBuildPhase section */

/* Begin PBXGroup section */
		4311CC3D28F5961D00DBDCE3 /* Source */ = {
			isa = PBXGroup;
			children = (
				4311CC4A28F5961D00DBDCE3 /* Application */,
				4311CC5028F5961D00DBDCE3 /* Presentation */,
				4311CC4328F5961D00DBDCE3 /* Model */,
				4311CC3E28F5961D00DBDCE3 /* Util */,
			);
			path = Source;
			sourceTree = "<group>";
		};
		4311CC3E28F5961D00DBDCE3 /* Util */ = {
			isa = PBXGroup;
			children = (
				4311CC3F28F5961D00DBDCE3 /* LoginItem.swift */,
				4311CC4028F5961D00DBDCE3 /* TimeInterval+shorthands.swift */,
				4311CC4128F5961D00DBDCE3 /* Util.swift */,
				4311CC4228F5961D00DBDCE3 /* Calendar+dayBoundary.swift */,
			);
			path = Util;
			sourceTree = "<group>";
		};
		4311CC4328F5961D00DBDCE3 /* Model */ = {
			isa = PBXGroup;
			children = (
				4311CC4428F5961D00DBDCE3 /* Math.swift */,
				4311CC4528F5961D00DBDCE3 /* Silencing.swift */,
				4311CC4628F5961D00DBDCE3 /* Memento.swift */,
				4311CC4728F5961D00DBDCE3 /* State.swift */,
				4311CC4828F5961D00DBDCE3 /* Interval.swift */,
				4311CC4928F5961D00DBDCE3 /* TitleScheme.swift */,
			);
			path = Model;
			sourceTree = "<group>";
		};
		4311CC4A28F5961D00DBDCE3 /* Application */ = {
			isa = PBXGroup;
			children = (
				4311CC4F28F5961D00DBDCE3 /* DeepWorkTimerApp.swift */,
				4311CC4B28F5961D00DBDCE3 /* Analytics.swift */,
				4311CC4C28F5961D00DBDCE3 /* Logging.swift */,
				4311CC4D28F5961D00DBDCE3 /* DebugFlags.swift */,
				4311CC4E28F5961D00DBDCE3 /* Preferences.swift */,
			);
			path = Application;
			sourceTree = "<group>";
		};
		4311CC5028F5961D00DBDCE3 /* Presentation */ = {
			isa = PBXGroup;
			children = (
				4311CC5128F5961D00DBDCE3 /* Stretching.swift */,
				4311CC5228F5961D00DBDCE3 /* Practices.swift */,
				4311CC5328F5961D00DBDCE3 /* AppModel.swift */,
				4311CC5428F5961D00DBDCE3 /* AdjustDurationView.swift */,
			);
			path = Presentation;
			sourceTree = "<group>";
		};
		4311CC6828F5969600DBDCE3 /* Preview */ = {
			isa = PBXGroup;
			children = (
				4311CC3B28F5960D00DBDCE3 /* Preview.xcassets */,
			);
			path = Preview;
			sourceTree = "<group>";
		};
		43C98F4E2828804C007D45DF = {
			isa = PBXGroup;
			children = (
				4311CC3528F5959700DBDCE3 /* DeepWorkBuddy.entitlements */,
				43F8982128BDE365002B3AC1 /* LaunchAtLoginHelper.entitlements */,
				4311CC3428F5959700DBDCE3 /* DeepWorkBuddy-Info.plist */,
				43F8982828BDE8D9002B3AC1 /* LaunchAtLoginHelper-Info.plist */,
				4311CC3628F595EF00DBDCE3 /* DeepWorkBuddy.xcassets */,
				4311CC3828F595F700DBDCE3 /* Shared.xcassets */,
				4311CC3D28F5961D00DBDCE3 /* Source */,
				4311CC6828F5969600DBDCE3 /* Preview */,
				43F897DF28B4B23E002B3AC1 /* Tests */,
				43F8981728BDE360002B3AC1 /* Source-LaunchAtLoginHelper */,
				43C98F582828804C007D45DF /* Products */,
			);
			sourceTree = "<group>";
		};
		43C98F582828804C007D45DF /* Products */ = {
			isa = PBXGroup;
			children = (
				43C98F572828804C007D45DF /* Deep Work Buddy.app */,
				43F897DE28B4B23E002B3AC1 /* DeepWorkBuddyTests.xctest */,
				43F8981628BDE360002B3AC1 /* Deep Work Buddy Launch At Login Helper.app */,
			);
			name = Products;
			sourceTree = "<group>";
		};
		43F897DF28B4B23E002B3AC1 /* Tests */ = {
			isa = PBXGroup;
			children = (
				43F897E028B4B23E002B3AC1 /* DeepWorkTimerTests.swift */,
				43F897E928B5FCD1002B3AC1 /* Asserts.swift */,
				43F897E728B4B535002B3AC1 /* Date+mocking.swift */,
			);
			path = Tests;
			sourceTree = "<group>";
		};
		43F8981728BDE360002B3AC1 /* Source-LaunchAtLoginHelper */ = {
			isa = PBXGroup;
			children = (
				43F8981828BDE360002B3AC1 /* LaunchAtLoginHelper.swift */,
			);
			path = "Source-LaunchAtLoginHelper";
			sourceTree = "<group>";
		};
/* End PBXGroup section */

/* Begin PBXNativeTarget section */
		43C98F562828804C007D45DF /* Deep Work Buddy */ = {
			isa = PBXNativeTarget;
			buildConfigurationList = 43C98F662828804F007D45DF /* Build configuration list for PBXNativeTarget "Deep Work Buddy" */;
			buildPhases = (
				43C98F532828804C007D45DF /* Sources */,
				43C98F542828804C007D45DF /* Frameworks */,
				43C98F552828804C007D45DF /* Resources */,
				43F8980F28BCA1C4002B3AC1 /* Embed Login Items */,
			);
			buildRules = (
			);
			dependencies = (
				43F8982728BDE6FD002B3AC1 /* PBXTargetDependency */,
			);
			name = "Deep Work Buddy";
			productName = DeepWorkTimer;
			productReference = 43C98F572828804C007D45DF /* Deep Work Buddy.app */;
			productType = "com.apple.product-type.application";
		};
		43F897DD28B4B23E002B3AC1 /* DeepWorkBuddyTests */ = {
			isa = PBXNativeTarget;
			buildConfigurationList = 43F897E428B4B23E002B3AC1 /* Build configuration list for PBXNativeTarget "DeepWorkBuddyTests" */;
			buildPhases = (
				43F897DA28B4B23E002B3AC1 /* Sources */,
				43F897DB28B4B23E002B3AC1 /* Frameworks */,
				43F897DC28B4B23E002B3AC1 /* Resources */,
			);
			buildRules = (
			);
			dependencies = (
				43F897E328B4B23E002B3AC1 /* PBXTargetDependency */,
			);
			name = DeepWorkBuddyTests;
			productName = DeepWorkTimerTests;
			productReference = 43F897DE28B4B23E002B3AC1 /* DeepWorkBuddyTests.xctest */;
			productType = "com.apple.product-type.bundle.unit-test";
		};
		43F8981528BDE360002B3AC1 /* Deep Work Buddy Launch At Login Helper */ = {
			isa = PBXNativeTarget;
			buildConfigurationList = 43F8982228BDE365002B3AC1 /* Build configuration list for PBXNativeTarget "Deep Work Buddy Launch At Login Helper" */;
			buildPhases = (
				43F8981228BDE360002B3AC1 /* Sources */,
				43F8981328BDE360002B3AC1 /* Frameworks */,
				43F8981428BDE360002B3AC1 /* Resources */,
			);
			buildRules = (
			);
			dependencies = (
			);
			name = "Deep Work Buddy Launch At Login Helper";
			productName = "Deep Work Timer Launch At Login Helper";
			productReference = 43F8981628BDE360002B3AC1 /* Deep Work Buddy Launch At Login Helper.app */;
			productType = "com.apple.product-type.application";
		};
/* End PBXNativeTarget section */

/* Begin PBXProject section */
		43C98F4F2828804C007D45DF /* Project object */ = {
			isa = PBXProject;
			attributes = {
				BuildIndependentTargetsInParallel = 1;
				LastSwiftUpdateCheck = 1340;
				LastUpgradeCheck = 1340;
				TargetAttributes = {
					43C98F562828804C007D45DF = {
						CreatedOnToolsVersion = 13.3.1;
					};
					43F897DD28B4B23E002B3AC1 = {
						CreatedOnToolsVersion = 13.4.1;
						TestTargetID = 43C98F562828804C007D45DF;
					};
					43F8981528BDE360002B3AC1 = {
						CreatedOnToolsVersion = 13.4.1;
					};
				};
			};
			buildConfigurationList = 43C98F522828804C007D45DF /* Build configuration list for PBXProject "DeepWorkBuddy" */;
			compatibilityVersion = "Xcode 13.0";
			developmentRegion = en;
			hasScannedForEncodings = 0;
			knownRegions = (
				en,
				Base,
			);
			mainGroup = 43C98F4E2828804C007D45DF;
			productRefGroup = 43C98F582828804C007D45DF /* Products */;
			projectDirPath = "";
			projectRoot = "";
			targets = (
				43C98F562828804C007D45DF /* Deep Work Buddy */,
				43F897DD28B4B23E002B3AC1 /* DeepWorkBuddyTests */,
				43F8981528BDE360002B3AC1 /* Deep Work Buddy Launch At Login Helper */,
			);
		};
/* End PBXProject section */

/* Begin PBXResourcesBuildPhase section */
		43C98F552828804C007D45DF /* Resources */ = {
			isa = PBXResourcesBuildPhase;
			buildActionMask = 2147483647;
			files = (
				4311CC3C28F5960D00DBDCE3 /* Preview.xcassets in Resources */,
				4311CC3928F595F700DBDCE3 /* Shared.xcassets in Resources */,
				4311CC3728F595EF00DBDCE3 /* DeepWorkBuddy.xcassets in Resources */,
			);
			runOnlyForDeploymentPostprocessing = 0;
		};
		43F897DC28B4B23E002B3AC1 /* Resources */ = {
			isa = PBXResourcesBuildPhase;
			buildActionMask = 2147483647;
			files = (
			);
			runOnlyForDeploymentPostprocessing = 0;
		};
		43F8981428BDE360002B3AC1 /* Resources */ = {
			isa = PBXResourcesBuildPhase;
			buildActionMask = 2147483647;
			files = (
				4311CC3A28F595F700DBDCE3 /* Shared.xcassets in Resources */,
			);
			runOnlyForDeploymentPostprocessing = 0;
		};
/* End PBXResourcesBuildPhase section */

/* Begin PBXSourcesBuildPhase section */
		43C98F532828804C007D45DF /* Sources */ = {
			isa = PBXSourcesBuildPhase;
			buildActionMask = 2147483647;
			files = (
				4311CC5828F5961D00DBDCE3 /* Calendar+dayBoundary.swift in Sources */,
				4311CC5B28F5961D00DBDCE3 /* Memento.swift in Sources */,
				4311CC6328F5961D00DBDCE3 /* DeepWorkTimerApp.swift in Sources */,
				4311CC5528F5961D00DBDCE3 /* LoginItem.swift in Sources */,
				4311CC5A28F5961D00DBDCE3 /* Silencing.swift in Sources */,
				4311CC5F28F5961D00DBDCE3 /* Analytics.swift in Sources */,
				4311CC6428F5961D00DBDCE3 /* Stretching.swift in Sources */,
				4311CC5728F5961D00DBDCE3 /* Util.swift in Sources */,
				4311CC6728F5961D00DBDCE3 /* AdjustDurationView.swift in Sources */,
				4311CC6528F5961D00DBDCE3 /* Practices.swift in Sources */,
				4311CC5D28F5961D00DBDCE3 /* Interval.swift in Sources */,
				4311CC6028F5961D00DBDCE3 /* Logging.swift in Sources */,
				4311CC6228F5961D00DBDCE3 /* Preferences.swift in Sources */,
				4311CC5628F5961D00DBDCE3 /* TimeInterval+shorthands.swift in Sources */,
				4311CC6628F5961D00DBDCE3 /* AppModel.swift in Sources */,
				4311CC5E28F5961D00DBDCE3 /* TitleScheme.swift in Sources */,
				4311CC5928F5961D00DBDCE3 /* Math.swift in Sources */,
				4311CC6128F5961D00DBDCE3 /* DebugFlags.swift in Sources */,
				4311CC5C28F5961D00DBDCE3 /* State.swift in Sources */,
			);
			runOnlyForDeploymentPostprocessing = 0;
		};
		43F897DA28B4B23E002B3AC1 /* Sources */ = {
			isa = PBXSourcesBuildPhase;
			buildActionMask = 2147483647;
			files = (
				43F897E828B4B535002B3AC1 /* Date+mocking.swift in Sources */,
				43F897E128B4B23E002B3AC1 /* DeepWorkTimerTests.swift in Sources */,
				43F897EA28B5FCD1002B3AC1 /* Asserts.swift in Sources */,
			);
			runOnlyForDeploymentPostprocessing = 0;
		};
		43F8981228BDE360002B3AC1 /* Sources */ = {
			isa = PBXSourcesBuildPhase;
			buildActionMask = 2147483647;
			files = (
				43F8981928BDE360002B3AC1 /* LaunchAtLoginHelper.swift in Sources */,
			);
			runOnlyForDeploymentPostprocessing = 0;
		};
/* End PBXSourcesBuildPhase section */

/* Begin PBXTargetDependency section */
		43F897E328B4B23E002B3AC1 /* PBXTargetDependency */ = {
			isa = PBXTargetDependency;
			target = 43C98F562828804C007D45DF /* Deep Work Buddy */;
			targetProxy = 43F897E228B4B23E002B3AC1 /* PBXContainerItemProxy */;
		};
		43F8982728BDE6FD002B3AC1 /* PBXTargetDependency */ = {
			isa = PBXTargetDependency;
			target = 43F8981528BDE360002B3AC1 /* Deep Work Buddy Launch At Login Helper */;
			targetProxy = 43F8982628BDE6FD002B3AC1 /* PBXContainerItemProxy */;
		};
/* End PBXTargetDependency section */

/* Begin XCBuildConfiguration section */
		43C98F642828804F007D45DF /* Debug */ = {
			isa = XCBuildConfiguration;
			buildSettings = {
				ALWAYS_SEARCH_USER_PATHS = NO;
				CLANG_ANALYZER_NONNULL = YES;
				CLANG_ANALYZER_NUMBER_OBJECT_CONVERSION = YES_AGGRESSIVE;
				CLANG_CXX_LANGUAGE_STANDARD = "gnu++17";
				CLANG_ENABLE_MODULES = YES;
				CLANG_ENABLE_OBJC_ARC = YES;
				CLANG_ENABLE_OBJC_WEAK = YES;
				CLANG_WARN_BLOCK_CAPTURE_AUTORELEASING = YES;
				CLANG_WARN_BOOL_CONVERSION = YES;
				CLANG_WARN_COMMA = YES;
				CLANG_WARN_CONSTANT_CONVERSION = YES;
				CLANG_WARN_DEPRECATED_OBJC_IMPLEMENTATIONS = YES;
				CLANG_WARN_DIRECT_OBJC_ISA_USAGE = YES_ERROR;
				CLANG_WARN_DOCUMENTATION_COMMENTS = YES;
				CLANG_WARN_EMPTY_BODY = YES;
				CLANG_WARN_ENUM_CONVERSION = YES;
				CLANG_WARN_INFINITE_RECURSION = YES;
				CLANG_WARN_INT_CONVERSION = YES;
				CLANG_WARN_NON_LITERAL_NULL_CONVERSION = YES;
				CLANG_WARN_OBJC_IMPLICIT_RETAIN_SELF = YES;
				CLANG_WARN_OBJC_LITERAL_CONVERSION = YES;
				CLANG_WARN_OBJC_ROOT_CLASS = YES_ERROR;
				CLANG_WARN_QUOTED_INCLUDE_IN_FRAMEWORK_HEADER = YES;
				CLANG_WARN_RANGE_LOOP_ANALYSIS = YES;
				CLANG_WARN_STRICT_PROTOTYPES = YES;
				CLANG_WARN_SUSPICIOUS_MOVE = YES;
				CLANG_WARN_UNGUARDED_AVAILABILITY = YES_AGGRESSIVE;
				CLANG_WARN_UNREACHABLE_CODE = YES;
				CLANG_WARN__DUPLICATE_METHOD_MATCH = YES;
				COPY_PHASE_STRIP = NO;
				DEBUG_INFORMATION_FORMAT = dwarf;
				ENABLE_STRICT_OBJC_MSGSEND = YES;
				ENABLE_TESTABILITY = YES;
				GCC_C_LANGUAGE_STANDARD = gnu11;
				GCC_DYNAMIC_NO_PIC = NO;
				GCC_NO_COMMON_BLOCKS = YES;
				GCC_OPTIMIZATION_LEVEL = 0;
				GCC_PREPROCESSOR_DEFINITIONS = (
					"DEBUG=1",
					"$(inherited)",
				);
				GCC_WARN_64_TO_32_BIT_CONVERSION = YES;
				GCC_WARN_ABOUT_RETURN_TYPE = YES_ERROR;
				GCC_WARN_UNDECLARED_SELECTOR = YES;
				GCC_WARN_UNINITIALIZED_AUTOS = YES_AGGRESSIVE;
				GCC_WARN_UNUSED_FUNCTION = YES;
				GCC_WARN_UNUSED_VARIABLE = YES;
				MACOSX_DEPLOYMENT_TARGET = 12.3;
				MTL_ENABLE_DEBUG_INFO = INCLUDE_SOURCE;
				MTL_FAST_MATH = YES;
				ONLY_ACTIVE_ARCH = YES;
				SDKROOT = macosx;
				SWIFT_ACTIVE_COMPILATION_CONDITIONS = DEBUG;
				SWIFT_OPTIMIZATION_LEVEL = "-Onone";
			};
			name = Debug;
		};
		43C98F652828804F007D45DF /* Release */ = {
			isa = XCBuildConfiguration;
			buildSettings = {
				ALWAYS_SEARCH_USER_PATHS = NO;
				CLANG_ANALYZER_NONNULL = YES;
				CLANG_ANALYZER_NUMBER_OBJECT_CONVERSION = YES_AGGRESSIVE;
				CLANG_CXX_LANGUAGE_STANDARD = "gnu++17";
				CLANG_ENABLE_MODULES = YES;
				CLANG_ENABLE_OBJC_ARC = YES;
				CLANG_ENABLE_OBJC_WEAK = YES;
				CLANG_WARN_BLOCK_CAPTURE_AUTORELEASING = YES;
				CLANG_WARN_BOOL_CONVERSION = YES;
				CLANG_WARN_COMMA = YES;
				CLANG_WARN_CONSTANT_CONVERSION = YES;
				CLANG_WARN_DEPRECATED_OBJC_IMPLEMENTATIONS = YES;
				CLANG_WARN_DIRECT_OBJC_ISA_USAGE = YES_ERROR;
				CLANG_WARN_DOCUMENTATION_COMMENTS = YES;
				CLANG_WARN_EMPTY_BODY = YES;
				CLANG_WARN_ENUM_CONVERSION = YES;
				CLANG_WARN_INFINITE_RECURSION = YES;
				CLANG_WARN_INT_CONVERSION = YES;
				CLANG_WARN_NON_LITERAL_NULL_CONVERSION = YES;
				CLANG_WARN_OBJC_IMPLICIT_RETAIN_SELF = YES;
				CLANG_WARN_OBJC_LITERAL_CONVERSION = YES;
				CLANG_WARN_OBJC_ROOT_CLASS = YES_ERROR;
				CLANG_WARN_QUOTED_INCLUDE_IN_FRAMEWORK_HEADER = YES;
				CLANG_WARN_RANGE_LOOP_ANALYSIS = YES;
				CLANG_WARN_STRICT_PROTOTYPES = YES;
				CLANG_WARN_SUSPICIOUS_MOVE = YES;
				CLANG_WARN_UNGUARDED_AVAILABILITY = YES_AGGRESSIVE;
				CLANG_WARN_UNREACHABLE_CODE = YES;
				CLANG_WARN__DUPLICATE_METHOD_MATCH = YES;
				COPY_PHASE_STRIP = NO;
				DEBUG_INFORMATION_FORMAT = "dwarf-with-dsym";
				ENABLE_NS_ASSERTIONS = NO;
				ENABLE_STRICT_OBJC_MSGSEND = YES;
				GCC_C_LANGUAGE_STANDARD = gnu11;
				GCC_NO_COMMON_BLOCKS = YES;
				GCC_WARN_64_TO_32_BIT_CONVERSION = YES;
				GCC_WARN_ABOUT_RETURN_TYPE = YES_ERROR;
				GCC_WARN_UNDECLARED_SELECTOR = YES;
				GCC_WARN_UNINITIALIZED_AUTOS = YES_AGGRESSIVE;
				GCC_WARN_UNUSED_FUNCTION = YES;
				GCC_WARN_UNUSED_VARIABLE = YES;
				MACOSX_DEPLOYMENT_TARGET = 12.3;
				MTL_ENABLE_DEBUG_INFO = NO;
				MTL_FAST_MATH = YES;
				SDKROOT = macosx;
				SWIFT_COMPILATION_MODE = wholemodule;
				SWIFT_OPTIMIZATION_LEVEL = "-O";
			};
			name = Release;
		};
		43C98F672828804F007D45DF /* Debug */ = {
			isa = XCBuildConfiguration;
			buildSettings = {
				ALWAYS_EMBED_SWIFT_STANDARD_LIBRARIES = YES;
				ASSETCATALOG_COMPILER_APPICON_NAME = AppIcon;
				ASSETCATALOG_COMPILER_GLOBAL_ACCENT_COLOR_NAME = AccentColor;
				CODE_SIGN_ENTITLEMENTS = DeepWorkBuddy.entitlements;
				CODE_SIGN_IDENTITY = "Apple Development";
				CODE_SIGN_STYLE = Automatic;
				COMBINE_HIDPI_IMAGES = YES;
				CURRENT_PROJECT_VERSION = 45;
				DEVELOPMENT_ASSET_PATHS = Preview;
				DEVELOPMENT_TEAM = D963M2VVCH;
				ENABLE_HARDENED_RUNTIME = YES;
				ENABLE_PREVIEWS = YES;
				GENERATE_INFOPLIST_FILE = YES;
				INFOPLIST_FILE = "DeepWorkBuddy-Info.plist";
				INFOPLIST_KEY_NSHumanReadableCopyright = "";
				LD_RUNPATH_SEARCH_PATHS = (
					"$(inherited)",
					"@executable_path/../Frameworks",
				);
				MARKETING_VERSION = 1.0.0;
				PRODUCT_BUNDLE_IDENTIFIER = com.tarantsov.DeepWorkBuddy;
				PRODUCT_MODULE_NAME = DeepWorkBuddy;
				PRODUCT_NAME = "$(TARGET_NAME)";
				PROVISIONING_PROFILE_SPECIFIER = "";
				SWIFT_EMIT_LOC_STRINGS = YES;
				SWIFT_VERSION = 5.0;
			};
			name = Debug;
		};
		43C98F682828804F007D45DF /* Release */ = {
			isa = XCBuildConfiguration;
			buildSettings = {
				ALWAYS_EMBED_SWIFT_STANDARD_LIBRARIES = YES;
				ASSETCATALOG_COMPILER_APPICON_NAME = AppIcon;
				ASSETCATALOG_COMPILER_GLOBAL_ACCENT_COLOR_NAME = AccentColor;
				CODE_SIGN_ENTITLEMENTS = DeepWorkBuddy.entitlements;
				CODE_SIGN_IDENTITY = "Apple Development";
				CODE_SIGN_STYLE = Automatic;
				COMBINE_HIDPI_IMAGES = YES;
				CURRENT_PROJECT_VERSION = 45;
				DEVELOPMENT_ASSET_PATHS = Preview;
				DEVELOPMENT_TEAM = D963M2VVCH;
				ENABLE_HARDENED_RUNTIME = YES;
				ENABLE_PREVIEWS = YES;
				GENERATE_INFOPLIST_FILE = YES;
				INFOPLIST_FILE = "DeepWorkBuddy-Info.plist";
				INFOPLIST_KEY_NSHumanReadableCopyright = "";
				LD_RUNPATH_SEARCH_PATHS = (
					"$(inherited)",
					"@executable_path/../Frameworks",
				);
				MARKETING_VERSION = 1.0.0;
				PRODUCT_BUNDLE_IDENTIFIER = com.tarantsov.DeepWorkBuddy;
				PRODUCT_MODULE_NAME = DeepWorkBuddy;
				PRODUCT_NAME = "$(TARGET_NAME)";
				SWIFT_EMIT_LOC_STRINGS = YES;
				SWIFT_VERSION = 5.0;
			};
			name = Release;
		};
		43F897E528B4B23E002B3AC1 /* Debug */ = {
			isa = XCBuildConfiguration;
			buildSettings = {
				ALWAYS_EMBED_SWIFT_STANDARD_LIBRARIES = YES;
				BUNDLE_LOADER = "$(TEST_HOST)";
				CODE_SIGN_STYLE = Automatic;
				CURRENT_PROJECT_VERSION = 1;
				DEVELOPMENT_TEAM = D963M2VVCH;
				GENERATE_INFOPLIST_FILE = YES;
				MARKETING_VERSION = 1.0;
				PRODUCT_BUNDLE_IDENTIFIER = com.tarantsov.DeepWorkBuddyTests;
				PRODUCT_NAME = "$(TARGET_NAME)";
				SWIFT_EMIT_LOC_STRINGS = NO;
				SWIFT_VERSION = 5.0;
				TEST_HOST = "$(BUILT_PRODUCTS_DIR)/Deep Work Buddy.app/Contents/MacOS/Deep Work Buddy";
			};
			name = Debug;
		};
		43F897E628B4B23E002B3AC1 /* Release */ = {
			isa = XCBuildConfiguration;
			buildSettings = {
				ALWAYS_EMBED_SWIFT_STANDARD_LIBRARIES = YES;
				BUNDLE_LOADER = "$(TEST_HOST)";
				CODE_SIGN_STYLE = Automatic;
				CURRENT_PROJECT_VERSION = 1;
				DEVELOPMENT_TEAM = D963M2VVCH;
				GENERATE_INFOPLIST_FILE = YES;
				MARKETING_VERSION = 1.0;
				PRODUCT_BUNDLE_IDENTIFIER = com.tarantsov.DeepWorkBuddyTests;
				PRODUCT_NAME = "$(TARGET_NAME)";
				SWIFT_EMIT_LOC_STRINGS = NO;
				SWIFT_VERSION = 5.0;
				TEST_HOST = "$(BUILT_PRODUCTS_DIR)/Deep Work Buddy.app/Contents/MacOS/Deep Work Buddy";
			};
			name = Release;
		};
		43F8982328BDE365002B3AC1 /* Debug */ = {
			isa = XCBuildConfiguration;
			buildSettings = {
				ASSETCATALOG_COMPILER_APPICON_NAME = AppIcon;
				ASSETCATALOG_COMPILER_GLOBAL_ACCENT_COLOR_NAME = AccentColor;
				CODE_SIGN_ENTITLEMENTS = LaunchAtLoginHelper.entitlements;
				CODE_SIGN_STYLE = Automatic;
				COMBINE_HIDPI_IMAGES = YES;
				CURRENT_PROJECT_VERSION = 45;
				DEVELOPMENT_ASSET_PATHS = "";
				DEVELOPMENT_TEAM = D963M2VVCH;
				ENABLE_HARDENED_RUNTIME = YES;
				ENABLE_PREVIEWS = YES;
				GENERATE_INFOPLIST_FILE = YES;
				INFOPLIST_FILE = "LaunchAtLoginHelper-Info.plist";
				INFOPLIST_KEY_NSHumanReadableCopyright = "";
				LD_RUNPATH_SEARCH_PATHS = (
					"$(inherited)",
					"@executable_path/../Frameworks",
				);
				MARKETING_VERSION = 1.0;
				PRODUCT_BUNDLE_IDENTIFIER = com.tarantsov.DeepWorkBuddy.LaunchAtLoginHelper;
				PRODUCT_NAME = "$(TARGET_NAME)";
				SKIP_INSTALL = YES;
				SWIFT_EMIT_LOC_STRINGS = YES;
				SWIFT_VERSION = 5.0;
			};
			name = Debug;
		};
		43F8982428BDE365002B3AC1 /* Release */ = {
			isa = XCBuildConfiguration;
			buildSettings = {
				ASSETCATALOG_COMPILER_APPICON_NAME = AppIcon;
				ASSETCATALOG_COMPILER_GLOBAL_ACCENT_COLOR_NAME = AccentColor;
				CODE_SIGN_ENTITLEMENTS = LaunchAtLoginHelper.entitlements;
				CODE_SIGN_STYLE = Automatic;
				COMBINE_HIDPI_IMAGES = YES;
				CURRENT_PROJECT_VERSION = 45;
				DEVELOPMENT_ASSET_PATHS = "";
				DEVELOPMENT_TEAM = D963M2VVCH;
				ENABLE_HARDENED_RUNTIME = YES;
				ENABLE_PREVIEWS = YES;
				GENERATE_INFOPLIST_FILE = YES;
				INFOPLIST_FILE = "LaunchAtLoginHelper-Info.plist";
				INFOPLIST_KEY_NSHumanReadableCopyright = "";
				LD_RUNPATH_SEARCH_PATHS = (
					"$(inherited)",
					"@executable_path/../Frameworks",
				);
				MARKETING_VERSION = 1.0;
				PRODUCT_BUNDLE_IDENTIFIER = com.tarantsov.DeepWorkBuddy.LaunchAtLoginHelper;
				PRODUCT_NAME = "$(TARGET_NAME)";
				SKIP_INSTALL = YES;
				SWIFT_EMIT_LOC_STRINGS = YES;
				SWIFT_VERSION = 5.0;
			};
			name = Release;
		};
/* End XCBuildConfiguration section */

/* Begin XCConfigurationList section */
		43C98F522828804C007D45DF /* Build configuration list for PBXProject "DeepWorkBuddy" */ = {
			isa = XCConfigurationList;
			buildConfigurations = (
				43C98F642828804F007D45DF /* Debug */,
				43C98F652828804F007D45DF /* Release */,
			);
			defaultConfigurationIsVisible = 0;
			defaultConfigurationName = Release;
		};
		43C98F662828804F007D45DF /* Build configuration list for PBXNativeTarget "Deep Work Buddy" */ = {
			isa = XCConfigurationList;
			buildConfigurations = (
				43C98F672828804F007D45DF /* Debug */,
				43C98F682828804F007D45DF /* Release */,
			);
			defaultConfigurationIsVisible = 0;
			defaultConfigurationName = Release;
		};
		43F897E428B4B23E002B3AC1 /* Build configuration list for PBXNativeTarget "DeepWorkBuddyTests" */ = {
			isa = XCConfigurationList;
			buildConfigurations = (
				43F897E528B4B23E002B3AC1 /* Debug */,
				43F897E628B4B23E002B3AC1 /* Release */,
			);
			defaultConfigurationIsVisible = 0;
			defaultConfigurationName = Release;
		};
		43F8982228BDE365002B3AC1 /* Build configuration list for PBXNativeTarget "Deep Work Buddy Launch At Login Helper" */ = {
			isa = XCConfigurationList;
			buildConfigurations = (
				43F8982328BDE365002B3AC1 /* Debug */,
				43F8982428BDE365002B3AC1 /* Release */,
			);
			defaultConfigurationIsVisible = 0;
			defaultConfigurationName = Release;
		};
/* End XCConfigurationList section */
	};
	rootObject = 43C98F4F2828804C007D45DF /* Project object */;
}
